
Microsoft Visual Studio Solution File, Format Version 12.00
# Visual Studio Version 17
VisualStudioVersion = 17.12.35506.116 d17.12
MinimumVisualStudioVersion = 10.0.40219.1
Project("{FAE04EC0-301F-11D3-BF4B-00C04F79EFBC}") = "SampleApi", "SampleApi\SampleApi.csproj", "{AAE34923-CE4A-46E8-8567-45F9F7798105}"
EndProject
Global
	GlobalSection(SolutionConfigurationPlatforms) = preSolution
		Debug|Any CPU = Debug|Any CPU
		Release|Any CPU = Release|Any CPU
	EndGlobalSection
	GlobalSection(ProjectConfigurationPlatforms) = postSolution
		{AAE34923-CE4A-46E8-8567-45F9F7798105}.Debug|Any CPU.ActiveCfg = Debug|Any CPU
		{AAE34923-CE4A-46E8-8567-45F9F7798105}.Debug|Any CPU.Build.0 = Debug|Any CPU
		{AAE34923-CE4A-46E8-8567-45F9F7798105}.Release|Any CPU.ActiveCfg = Release|Any CPU
		{AAE34923-CE4A-46E8-8567-45F9F7798105}.Release|Any CPU.Build.0 = Release|Any CPU
	EndGlobalSection
	GlobalSection(SolutionProperties) = preSolution
		HideSolutionNode = FALSE
	EndGlobalSection
EndGlobal
